// !$*UTF8*$!
{
	archiveVersion = 1;
	classes = {
	};
	objectVersion = 50;
	objects = {

/* Begin PBXBuildFile section */
		54600C1822F9CB670021D7B7 /* AppDelegate.swift in Sources */ = {isa = PBXBuildFile; fileRef = 54600C1722F9CB670021D7B7 /* AppDelegate.swift */; };
		54600C1A22F9CB670021D7B7 /* ViewController.swift in Sources */ = {isa = PBXBuildFile; fileRef = 54600C1922F9CB670021D7B7 /* ViewController.swift */; };
		54600C1D22F9CB670021D7B7 /* Main.storyboard in Resources */ = {isa = PBXBuildFile; fileRef = 54600C1B22F9CB670021D7B7 /* Main.storyboard */; };
		54600C1F22F9CB670021D7B7 /* Assets.xcassets in Resources */ = {isa = PBXBuildFile; fileRef = 54600C1E22F9CB670021D7B7 /* Assets.xcassets */; };
		54600C2222F9CB670021D7B7 /* LaunchScreen.storyboard in Resources */ = {isa = PBXBuildFile; fileRef = 54600C2022F9CB670021D7B7 /* LaunchScreen.storyboard */; };
		54600C2D22F9CB680021D7B7 /* text_twistTests.swift in Sources */ = {isa = PBXBuildFile; fileRef = 54600C2C22F9CB680021D7B7 /* text_twistTests.swift */; };
		54600C3822F9CB680021D7B7 /* text_twistUITests.swift in Sources */ = {isa = PBXBuildFile; fileRef = 54600C3722F9CB680021D7B7 /* text_twistUITests.swift */; };
		54600C4822F9CDB50021D7B7 /* WordData.swift in Sources */ = {isa = PBXBuildFile; fileRef = 54600C4722F9CDB50021D7B7 /* WordData.swift */; };
		54600C4A22F9CE370021D7B7 /* TestTwistInfo.swift in Sources */ = {isa = PBXBuildFile; fileRef = 54600C4922F9CE370021D7B7 /* TestTwistInfo.swift */; };
/* End PBXBuildFile section */

/* Begin PBXContainerItemProxy section */
		54600C2922F9CB680021D7B7 /* PBXContainerItemProxy */ = {
			isa = PBXContainerItemProxy;
			containerPortal = 54600C0C22F9CB670021D7B7 /* Project object */;
			proxyType = 1;
			remoteGlobalIDString = 54600C1322F9CB670021D7B7;
			remoteInfo = "text-twist";
		};
		54600C3422F9CB680021D7B7 /* PBXContainerItemProxy */ = {
			isa = PBXContainerItemProxy;
			containerPortal = 54600C0C22F9CB670021D7B7 /* Project object */;
			proxyType = 1;
			remoteGlobalIDString = 54600C1322F9CB670021D7B7;
			remoteInfo = "text-twist";
		};
/* End PBXContainerItemProxy section */

/* Begin PBXFileReference section */
		54600C1422F9CB670021D7B7 /* text-twist.app */ = {isa = PBXFileReference; explicitFileType = wrapper.application; includeInIndex = 0; path = "text-twist.app"; sourceTree = BUILT_PRODUCTS_DIR; };
		54600C1722F9CB670021D7B7 /* AppDelegate.swift */ = {isa = PBXFileReference; lastKnownFileType = sourcecode.swift; path = AppDelegate.swift; sourceTree = "<group>"; };
		54600C1922F9CB670021D7B7 /* ViewController.swift */ = {isa = PBXFileReference; lastKnownFileType = sourcecode.swift; path = ViewController.swift; sourceTree = "<group>"; };
		54600C1C22F9CB670021D7B7 /* Base */ = {isa = PBXFileReference; lastKnownFileType = file.storyboard; name = Base; path = Base.lproj/Main.storyboard; sourceTree = "<group>"; };
		54600C1E22F9CB670021D7B7 /* Assets.xcassets */ = {isa = PBXFileReference; lastKnownFileType = folder.assetcatalog; path = Assets.xcassets; sourceTree = "<group>"; };
		54600C2122F9CB670021D7B7 /* Base */ = {isa = PBXFileReference; lastKnownFileType = file.storyboard; name = Base; path = Base.lproj/LaunchScreen.storyboard; sourceTree = "<group>"; };
		54600C2322F9CB670021D7B7 /* Info.plist */ = {isa = PBXFileReference; lastKnownFileType = text.plist.xml; path = Info.plist; sourceTree = "<group>"; };
		54600C2822F9CB680021D7B7 /* text-twistTests.xctest */ = {isa = PBXFileReference; explicitFileType = wrapper.cfbundle; includeInIndex = 0; path = "text-twistTests.xctest"; sourceTree = BUILT_PRODUCTS_DIR; };
		54600C2C22F9CB680021D7B7 /* text_twistTests.swift */ = {isa = PBXFileReference; lastKnownFileType = sourcecode.swift; path = text_twistTests.swift; sourceTree = "<group>"; };
		54600C2E22F9CB680021D7B7 /* Info.plist */ = {isa = PBXFileReference; lastKnownFileType = text.plist.xml; path = Info.plist; sourceTree = "<group>"; };
		54600C3322F9CB680021D7B7 /* text-twistUITests.xctest */ = {isa = PBXFileReference; explicitFileType = wrapper.cfbundle; includeInIndex = 0; path = "text-twistUITests.xctest"; sourceTree = BUILT_PRODUCTS_DIR; };
		54600C3722F9CB680021D7B7 /* text_twistUITests.swift */ = {isa = PBXFileReference; lastKnownFileType = sourcecode.swift; path = text_twistUITests.swift; sourceTree = "<group>"; };
		54600C3922F9CB680021D7B7 /* Info.plist */ = {isa = PBXFileReference; lastKnownFileType = text.plist.xml; path = Info.plist; sourceTree = "<group>"; };
		54600C4722F9CDB50021D7B7 /* WordData.swift */ = {isa = PBXFileReference; lastKnownFileType = sourcecode.swift; path = WordData.swift; sourceTree = "<group>"; };
		54600C4922F9CE370021D7B7 /* TestTwistInfo.swift */ = {isa = PBXFileReference; lastKnownFileType = sourcecode.swift; path = TestTwistInfo.swift; sourceTree = "<group>"; };
/* End PBXFileReference section */

/* Begin PBXFrameworksBuildPhase section */
		54600C1122F9CB670021D7B7 /* Frameworks */ = {
			isa = PBXFrameworksBuildPhase;
			buildActionMask = 2147483647;
			files = (
			);
			runOnlyForDeploymentPostprocessing = 0;
		};
		54600C2522F9CB680021D7B7 /* Frameworks */ = {
			isa = PBXFrameworksBuildPhase;
			buildActionMask = 2147483647;
			files = (
			);
			runOnlyForDeploymentPostprocessing = 0;
		};
		54600C3022F9CB680021D7B7 /* Frameworks */ = {
			isa = PBXFrameworksBuildPhase;
			buildActionMask = 2147483647;
			files = (
			);
			runOnlyForDeploymentPostprocessing = 0;
		};
/* End PBXFrameworksBuildPhase section */

/* Begin PBXGroup section */
		54600C0B22F9CB670021D7B7 = {
			isa = PBXGroup;
			children = (
				54600C1622F9CB670021D7B7 /* text-twist */,
				54600C2B22F9CB680021D7B7 /* text-twistTests */,
				54600C3622F9CB680021D7B7 /* text-twistUITests */,
				54600C1522F9CB670021D7B7 /* Products */,
			);
			sourceTree = "<group>";
		};
		54600C1522F9CB670021D7B7 /* Products */ = {
			isa = PBXGroup;
			children = (
				54600C1422F9CB670021D7B7 /* text-twist.app */,
				54600C2822F9CB680021D7B7 /* text-twistTests.xctest */,
				54600C3322F9CB680021D7B7 /* text-twistUITests.xctest */,
			);
			name = Products;
			sourceTree = "<group>";
		};
		54600C1622F9CB670021D7B7 /* text-twist */ = {
			isa = PBXGroup;
			children = (
				54600C4B22F9D3C20021D7B7 /* Models */,
				54600C1722F9CB670021D7B7 /* AppDelegate.swift */,
				54600C1922F9CB670021D7B7 /* ViewController.swift */,
				54600C1B22F9CB670021D7B7 /* Main.storyboard */,
				54600C1E22F9CB670021D7B7 /* Assets.xcassets */,
				54600C2022F9CB670021D7B7 /* LaunchScreen.storyboard */,
				54600C2322F9CB670021D7B7 /* Info.plist */,
			);
			path = "text-twist";
			sourceTree = "<group>";
		};
		54600C2B22F9CB680021D7B7 /* text-twistTests */ = {
			isa = PBXGroup;
			children = (
				54600C2C22F9CB680021D7B7 /* text_twistTests.swift */,
				54600C2E22F9CB680021D7B7 /* Info.plist */,
			);
			path = "text-twistTests";
			sourceTree = "<group>";
		};
		54600C3622F9CB680021D7B7 /* text-twistUITests */ = {
			isa = PBXGroup;
			children = (
				54600C3722F9CB680021D7B7 /* text_twistUITests.swift */,
				54600C3922F9CB680021D7B7 /* Info.plist */,
			);
			path = "text-twistUITests";
			sourceTree = "<group>";
		};
		54600C4B22F9D3C20021D7B7 /* Models */ = {
			isa = PBXGroup;
			children = (
				54600C4922F9CE370021D7B7 /* TestTwistInfo.swift */,
				54600C4722F9CDB50021D7B7 /* WordData.swift */,
			);
			path = Models;
			sourceTree = "<group>";
		};
/* End PBXGroup section */

/* Begin PBXNativeTarget section */
		54600C1322F9CB670021D7B7 /* text-twist */ = {
			isa = PBXNativeTarget;
			buildConfigurationList = 54600C3C22F9CB680021D7B7 /* Build configuration list for PBXNativeTarget "text-twist" */;
			buildPhases = (
				54600C1022F9CB670021D7B7 /* Sources */,
				54600C1122F9CB670021D7B7 /* Frameworks */,
				54600C1222F9CB670021D7B7 /* Resources */,
			);
			buildRules = (
			);
			dependencies = (
			);
			name = "text-twist";
			productName = "text-twist";
			productReference = 54600C1422F9CB670021D7B7 /* text-twist.app */;
			productType = "com.apple.product-type.application";
		};
		54600C2722F9CB680021D7B7 /* text-twistTests */ = {
			isa = PBXNativeTarget;
			buildConfigurationList = 54600C3F22F9CB680021D7B7 /* Build configuration list for PBXNativeTarget "text-twistTests" */;
			buildPhases = (
				54600C2422F9CB680021D7B7 /* Sources */,
				54600C2522F9CB680021D7B7 /* Frameworks */,
				54600C2622F9CB680021D7B7 /* Resources */,
			);
			buildRules = (
			);
			dependencies = (
				54600C2A22F9CB680021D7B7 /* PBXTargetDependency */,
			);
			name = "text-twistTests";
			productName = "text-twistTests";
			productReference = 54600C2822F9CB680021D7B7 /* text-twistTests.xctest */;
			productType = "com.apple.product-type.bundle.unit-test";
		};
		54600C3222F9CB680021D7B7 /* text-twistUITests */ = {
			isa = PBXNativeTarget;
			buildConfigurationList = 54600C4222F9CB680021D7B7 /* Build configuration list for PBXNativeTarget "text-twistUITests" */;
			buildPhases = (
				54600C2F22F9CB680021D7B7 /* Sources */,
				54600C3022F9CB680021D7B7 /* Frameworks */,
				54600C3122F9CB680021D7B7 /* Resources */,
			);
			buildRules = (
			);
			dependencies = (
				54600C3522F9CB680021D7B7 /* PBXTargetDependency */,
			);
			name = "text-twistUITests";
			productName = "text-twistUITests";
			productReference = 54600C3322F9CB680021D7B7 /* text-twistUITests.xctest */;
			productType = "com.apple.product-type.bundle.ui-testing";
		};
/* End PBXNativeTarget section */

/* Begin PBXProject section */
		54600C0C22F9CB670021D7B7 /* Project object */ = {
			isa = PBXProject;
			attributes = {
				LastSwiftUpdateCheck = 1020;
				LastUpgradeCheck = 1020;
				ORGANIZATIONNAME = "David Rifkin";
				TargetAttributes = {
					54600C1322F9CB670021D7B7 = {
						CreatedOnToolsVersion = 10.2.1;
					};
					54600C2722F9CB680021D7B7 = {
						CreatedOnToolsVersion = 10.2.1;
						TestTargetID = 54600C1322F9CB670021D7B7;
					};
					54600C3222F9CB680021D7B7 = {
						CreatedOnToolsVersion = 10.2.1;
						TestTargetID = 54600C1322F9CB670021D7B7;
					};
				};
			};
			buildConfigurationList = 54600C0F22F9CB670021D7B7 /* Build configuration list for PBXProject "text-twist" */;
			compatibilityVersion = "Xcode 9.3";
			developmentRegion = en;
			hasScannedForEncodings = 0;
			knownRegions = (
				en,
				Base,
			);
			mainGroup = 54600C0B22F9CB670021D7B7;
			productRefGroup = 54600C1522F9CB670021D7B7 /* Products */;
			projectDirPath = "";
			projectRoot = "";
			targets = (
				54600C1322F9CB670021D7B7 /* text-twist */,
				54600C2722F9CB680021D7B7 /* text-twistTests */,
				54600C3222F9CB680021D7B7 /* text-twistUITests */,
			);
		};
/* End PBXProject section */

/* Begin PBXResourcesBuildPhase section */
		54600C1222F9CB670021D7B7 /* Resources */ = {
			isa = PBXResourcesBuildPhase;
			buildActionMask = 2147483647;
			files = (
				54600C2222F9CB670021D7B7 /* LaunchScreen.storyboard in Resources */,
				54600C1F22F9CB670021D7B7 /* Assets.xcassets in Resources */,
				54600C1D22F9CB670021D7B7 /* Main.storyboard in Resources */,
			);
			runOnlyForDeploymentPostprocessing = 0;
		};
		54600C2622F9CB680021D7B7 /* Resources */ = {
			isa = PBXResourcesBuildPhase;
			buildActionMask = 2147483647;
			files = (
			);
			runOnlyForDeploymentPostprocessing = 0;
		};
		54600C3122F9CB680021D7B7 /* Resources */ = {
			isa = PBXResourcesBuildPhase;
			buildActionMask = 2147483647;
			files = (
			);
			runOnlyForDeploymentPostprocessing = 0;
		};
/* End PBXResourcesBuildPhase section */

/* Begin PBXSourcesBuildPhase section */
		54600C1022F9CB670021D7B7 /* Sources */ = {
			isa = PBXSourcesBuildPhase;
			buildActionMask = 2147483647;
			files = (
				54600C1A22F9CB670021D7B7 /* ViewController.swift in Sources */,
				54600C4A22F9CE370021D7B7 /* TestTwistInfo.swift in Sources */,
				54600C1822F9CB670021D7B7 /* AppDelegate.swift in Sources */,
				54600C4822F9CDB50021D7B7 /* WordData.swift in Sources */,
			);
			runOnlyForDeploymentPostprocessing = 0;
		};
		54600C2422F9CB680021D7B7 /* Sources */ = {
			isa = PBXSourcesBuildPhase;
			buildActionMask = 2147483647;
			files = (
				54600C2D22F9CB680021D7B7 /* text_twistTests.swift in Sources */,
			);
			runOnlyForDeploymentPostprocessing = 0;
		};
		54600C2F22F9CB680021D7B7 /* Sources */ = {
			isa = PBXSourcesBuildPhase;
			buildActionMask = 2147483647;
			files = (
				54600C3822F9CB680021D7B7 /* text_twistUITests.swift in Sources */,
			);
			runOnlyForDeploymentPostprocessing = 0;
		};
/* End PBXSourcesBuildPhase section */

/* Begin PBXTargetDependency section */
		54600C2A22F9CB680021D7B7 /* PBXTargetDependency */ = {
			isa = PBXTargetDependency;
			target = 54600C1322F9CB670021D7B7 /* text-twist */;
			targetProxy = 54600C2922F9CB680021D7B7 /* PBXContainerItemProxy */;
		};
		54600C3522F9CB680021D7B7 /* PBXTargetDependency */ = {
			isa = PBXTargetDependency;
			target = 54600C1322F9CB670021D7B7 /* text-twist */;
			targetProxy = 54600C3422F9CB680021D7B7 /* PBXContainerItemProxy */;
		};
/* End PBXTargetDependency section */

/* Begin PBXVariantGroup section */
		54600C1B22F9CB670021D7B7 /* Main.storyboard */ = {
			isa = PBXVariantGroup;
			children = (
				54600C1C22F9CB670021D7B7 /* Base */,
			);
			name = Main.storyboard;
			sourceTree = "<group>";
		};
		54600C2022F9CB670021D7B7 /* LaunchScreen.storyboard */ = {
			isa = PBXVariantGroup;
			children = (
				54600C2122F9CB670021D7B7 /* Base */,
			);
			name = LaunchScreen.storyboard;
			sourceTree = "<group>";
		};
/* End PBXVariantGroup section */

/* Begin XCBuildConfiguration section */
		54600C3A22F9CB680021D7B7 /* Debug */ = {
			isa = XCBuildConfiguration;
			buildSettings = {
				ALWAYS_SEARCH_USER_PATHS = NO;
				CLANG_ANALYZER_NONNULL = YES;
				CLANG_ANALYZER_NUMBER_OBJECT_CONVERSION = YES_AGGRESSIVE;
				CLANG_CXX_LANGUAGE_STANDARD = "gnu++14";
				CLANG_CXX_LIBRARY = "libc++";
				CLANG_ENABLE_MODULES = YES;
				CLANG_ENABLE_OBJC_ARC = YES;
				CLANG_ENABLE_OBJC_WEAK = YES;
				CLANG_WARN_BLOCK_CAPTURE_AUTORELEASING = YES;
				CLANG_WARN_BOOL_CONVERSION = YES;
				CLANG_WARN_COMMA = YES;
				CLANG_WARN_CONSTANT_CONVERSION = YES;
				CLANG_WARN_DEPRECATED_OBJC_IMPLEMENTATIONS = YES;
				CLANG_WARN_DIRECT_OBJC_ISA_USAGE = YES_ERROR;
				CLANG_WARN_DOCUMENTATION_COMMENTS = YES;
				CLANG_WARN_EMPTY_BODY = YES;
				CLANG_WARN_ENUM_CONVERSION = YES;
				CLANG_WARN_INFINITE_RECURSION = YES;
				CLANG_WARN_INT_CONVERSION = YES;
				CLANG_WARN_NON_LITERAL_NULL_CONVERSION = YES;
				CLANG_WARN_OBJC_IMPLICIT_RETAIN_SELF = YES;
				CLANG_WARN_OBJC_LITERAL_CONVERSION = YES;
				CLANG_WARN_OBJC_ROOT_CLASS = YES_ERROR;
				CLANG_WARN_RANGE_LOOP_ANALYSIS = YES;
				CLANG_WARN_STRICT_PROTOTYPES = YES;
				CLANG_WARN_SUSPICIOUS_MOVE = YES;
				CLANG_WARN_UNGUARDED_AVAILABILITY = YES_AGGRESSIVE;
				CLANG_WARN_UNREACHABLE_CODE = YES;
				CLANG_WARN__DUPLICATE_METHOD_MATCH = YES;
				CODE_SIGN_IDENTITY = "iPhone Developer";
				COPY_PHASE_STRIP = NO;
				DEBUG_INFORMATION_FORMAT = dwarf;
				ENABLE_STRICT_OBJC_MSGSEND = YES;
				ENABLE_TESTABILITY = YES;
				GCC_C_LANGUAGE_STANDARD = gnu11;
				GCC_DYNAMIC_NO_PIC = NO;
				GCC_NO_COMMON_BLOCKS = YES;
				GCC_OPTIMIZATION_LEVEL = 0;
				GCC_PREPROCESSOR_DEFINITIONS = (
					"DEBUG=1",
					"$(inherited)",
				);
				GCC_WARN_64_TO_32_BIT_CONVERSION = YES;
				GCC_WARN_ABOUT_RETURN_TYPE = YES_ERROR;
				GCC_WARN_UNDECLARED_SELECTOR = YES;
				GCC_WARN_UNINITIALIZED_AUTOS = YES_AGGRESSIVE;
				GCC_WARN_UNUSED_FUNCTION = YES;
				GCC_WARN_UNUSED_VARIABLE = YES;
				IPHONEOS_DEPLOYMENT_TARGET = 12.2;
				MTL_ENABLE_DEBUG_INFO = INCLUDE_SOURCE;
				MTL_FAST_MATH = YES;
				ONLY_ACTIVE_ARCH = YES;
				SDKROOT = iphoneos;
				SWIFT_ACTIVE_COMPILATION_CONDITIONS = DEBUG;
				SWIFT_OPTIMIZATION_LEVEL = "-Onone";
			};
			name = Debug;
		};
		54600C3B22F9CB680021D7B7 /* Release */ = {
			isa = XCBuildConfiguration;
			buildSettings = {
				ALWAYS_SEARCH_USER_PATHS = NO;
				CLANG_ANALYZER_NONNULL = YES;
				CLANG_ANALYZER_NUMBER_OBJECT_CONVERSION = YES_AGGRESSIVE;
				CLANG_CXX_LANGUAGE_STANDARD = "gnu++14";
				CLANG_CXX_LIBRARY = "libc++";
				CLANG_ENABLE_MODULES = YES;
				CLANG_ENABLE_OBJC_ARC = YES;
				CLANG_ENABLE_OBJC_WEAK = YES;
				CLANG_WARN_BLOCK_CAPTURE_AUTORELEASING = YES;
				CLANG_WARN_BOOL_CONVERSION = YES;
				CLANG_WARN_COMMA = YES;
				CLANG_WARN_CONSTANT_CONVERSION = YES;
				CLANG_WARN_DEPRECATED_OBJC_IMPLEMENTATIONS = YES;
				CLANG_WARN_DIRECT_OBJC_ISA_USAGE = YES_ERROR;
				CLANG_WARN_DOCUMENTATION_COMMENTS = YES;
				CLANG_WARN_EMPTY_BODY = YES;
				CLANG_WARN_ENUM_CONVERSION = YES;
				CLANG_WARN_INFINITE_RECURSION = YES;
				CLANG_WARN_INT_CONVERSION = YES;
				CLANG_WARN_NON_LITERAL_NULL_CONVERSION = YES;
				CLANG_WARN_OBJC_IMPLICIT_RETAIN_SELF = YES;
				CLANG_WARN_OBJC_LITERAL_CONVERSION = YES;
				CLANG_WARN_OBJC_ROOT_CLASS = YES_ERROR;
				CLANG_WARN_RANGE_LOOP_ANALYSIS = YES;
				CLANG_WARN_STRICT_PROTOTYPES = YES;
				CLANG_WARN_SUSPICIOUS_MOVE = YES;
				CLANG_WARN_UNGUARDED_AVAILABILITY = YES_AGGRESSIVE;
				CLANG_WARN_UNREACHABLE_CODE = YES;
				CLANG_WARN__DUPLICATE_METHOD_MATCH = YES;
				CODE_SIGN_IDENTITY = "iPhone Developer";
				COPY_PHASE_STRIP = NO;
				DEBUG_INFORMATION_FORMAT = "dwarf-with-dsym";
				ENABLE_NS_ASSERTIONS = NO;
				ENABLE_STRICT_OBJC_MSGSEND = YES;
				GCC_C_LANGUAGE_STANDARD = gnu11;
				GCC_NO_COMMON_BLOCKS = YES;
				GCC_WARN_64_TO_32_BIT_CONVERSION = YES;
				GCC_WARN_ABOUT_RETURN_TYPE = YES_ERROR;
				GCC_WARN_UNDECLARED_SELECTOR = YES;
				GCC_WARN_UNINITIALIZED_AUTOS = YES_AGGRESSIVE;
				GCC_WARN_UNUSED_FUNCTION = YES;
				GCC_WARN_UNUSED_VARIABLE = YES;
				IPHONEOS_DEPLOYMENT_TARGET = 12.2;
				MTL_ENABLE_DEBUG_INFO = NO;
				MTL_FAST_MATH = YES;
				SDKROOT = iphoneos;
				SWIFT_COMPILATION_MODE = wholemodule;
				SWIFT_OPTIMIZATION_LEVEL = "-O";
				VALIDATE_PRODUCT = YES;
			};
			name = Release;
		};
		54600C3D22F9CB680021D7B7 /* Debug */ = {
			isa = XCBuildConfiguration;
			buildSettings = {
				ASSETCATALOG_COMPILER_APPICON_NAME = AppIcon;
				CODE_SIGN_STYLE = Automatic;
				INFOPLIST_FILE = "text-twist/Info.plist";
				LD_RUNPATH_SEARCH_PATHS = (
					"$(inherited)",
					"@executable_path/Frameworks",
				);
				PRODUCT_BUNDLE_IDENTIFIER = "sixpointone.text-twist";
				PRODUCT_NAME = "$(TARGET_NAME)";
				SWIFT_VERSION = 5.0;
				TARGETED_DEVICE_FAMILY = "1,2";
			};
			name = Debug;
		};
		54600C3E22F9CB680021D7B7 /* Release */ = {
			isa = XCBuildConfiguration;
			buildSettings = {
				ASSETCATALOG_COMPILER_APPICON_NAME = AppIcon;
				CODE_SIGN_STYLE = Automatic;
				INFOPLIST_FILE = "text-twist/Info.plist";
				LD_RUNPATH_SEARCH_PATHS = (
					"$(inherited)",
					"@executable_path/Frameworks",
				);
				PRODUCT_BUNDLE_IDENTIFIER = "sixpointone.text-twist";
				PRODUCT_NAME = "$(TARGET_NAME)";
				SWIFT_VERSION = 5.0;
				TARGETED_DEVICE_FAMILY = "1,2";
			};
			name = Release;
		};
		54600C4022F9CB680021D7B7 /* Debug */ = {
			isa = XCBuildConfiguration;
			buildSettings = {
				ALWAYS_EMBED_SWIFT_STANDARD_LIBRARIES = YES;
				BUNDLE_LOADER = "$(TEST_HOST)";
				CODE_SIGN_STYLE = Automatic;
				INFOPLIST_FILE = "text-twistTests/Info.plist";
				LD_RUNPATH_SEARCH_PATHS = (
					"$(inherited)",
					"@executable_path/Frameworks",
					"@loader_path/Frameworks",
				);
				PRODUCT_BUNDLE_IDENTIFIER = "sixpointone.text-twistTests";
				PRODUCT_NAME = "$(TARGET_NAME)";
				SWIFT_VERSION = 5.0;
				TARGETED_DEVICE_FAMILY = "1,2";
				TEST_HOST = "$(BUILT_PRODUCTS_DIR)/text-twist.app/text-twist";
			};
			name = Debug;
		};
		54600C4122F9CB680021D7B7 /* Release */ = {
			isa = XCBuildConfiguration;
			buildSettings = {
				ALWAYS_EMBED_SWIFT_STANDARD_LIBRARIES = YES;
				BUNDLE_LOADER = "$(TEST_HOST)";
				CODE_SIGN_STYLE = Automatic;
				INFOPLIST_FILE = "text-twistTests/Info.plist";
				LD_RUNPATH_SEARCH_PATHS = (
					"$(inherited)",
					"@executable_path/Frameworks",
					"@loader_path/Frameworks",
				);
				PRODUCT_BUNDLE_IDENTIFIER = "sixpointone.text-twistTests";
				PRODUCT_NAME = "$(TARGET_NAME)";
				SWIFT_VERSION = 5.0;
				TARGETED_DEVICE_FAMILY = "1,2";
				TEST_HOST = "$(BUILT_PRODUCTS_DIR)/text-twist.app/text-twist";
			};
			name = Release;
		};
		54600C4322F9CB680021D7B7 /* Debug */ = {
			isa = XCBuildConfiguration;
			buildSettings = {
				ALWAYS_EMBED_SWIFT_STANDARD_LIBRARIES = YES;
				CODE_SIGN_STYLE = Automatic;
				INFOPLIST_FILE = "text-twistUITests/Info.plist";
				LD_RUNPATH_SEARCH_PATHS = (
					"$(inherited)",
					"@executable_path/Frameworks",
					"@loader_path/Frameworks",
				);
				PRODUCT_BUNDLE_IDENTIFIER = "sixpointone.text-twistUITests";
				PRODUCT_NAME = "$(TARGET_NAME)";
				SWIFT_VERSION = 5.0;
				TARGETED_DEVICE_FAMILY = "1,2";
				TEST_TARGET_NAME = "text-twist";
			};
			name = Debug;
		};
		54600C4422F9CB680021D7B7 /* Release */ = {
			isa = XCBuildConfiguration;
			buildSettings = {
				ALWAYS_EMBED_SWIFT_STANDARD_LIBRARIES = YES;
				CODE_SIGN_STYLE = Automatic;
				INFOPLIST_FILE = "text-twistUITests/Info.plist";
				LD_RUNPATH_SEARCH_PATHS = (
					"$(inherited)",
					"@executable_path/Frameworks",
					"@loader_path/Frameworks",
				);
				PRODUCT_BUNDLE_IDENTIFIER = "sixpointone.text-twistUITests";
				PRODUCT_NAME = "$(TARGET_NAME)";
				SWIFT_VERSION = 5.0;
				TARGETED_DEVICE_FAMILY = "1,2";
				TEST_TARGET_NAME = "text-twist";
			};
			name = Release;
		};
/* End XCBuildConfiguration section */

/* Begin XCConfigurationList section */
		54600C0F22F9CB670021D7B7 /* Build configuration list for PBXProject "text-twist" */ = {
			isa = XCConfigurationList;
			buildConfigurations = (
				54600C3A22F9CB680021D7B7 /* Debug */,
				54600C3B22F9CB680021D7B7 /* Release */,
			);
			defaultConfigurationIsVisible = 0;
			defaultConfigurationName = Release;
		};
		54600C3C22F9CB680021D7B7 /* Build configuration list for PBXNativeTarget "text-twist" */ = {
			isa = XCConfigurationList;
			buildConfigurations = (
				54600C3D22F9CB680021D7B7 /* Debug */,
				54600C3E22F9CB680021D7B7 /* Release */,
			);
			defaultConfigurationIsVisible = 0;
			defaultConfigurationName = Release;
		};
		54600C3F22F9CB680021D7B7 /* Build configuration list for PBXNativeTarget "text-twistTests" */ = {
			isa = XCConfigurationList;
			buildConfigurations = (
				54600C4022F9CB680021D7B7 /* Debug */,
				54600C4122F9CB680021D7B7 /* Release */,
			);
			defaultConfigurationIsVisible = 0;
			defaultConfigurationName = Release;
		};
		54600C4222F9CB680021D7B7 /* Build configuration list for PBXNativeTarget "text-twistUITests" */ = {
			isa = XCConfigurationList;
			buildConfigurations = (
				54600C4322F9CB680021D7B7 /* Debug */,
				54600C4422F9CB680021D7B7 /* Release */,
			);
			defaultConfigurationIsVisible = 0;
			defaultConfigurationName = Release;
		};
/* End XCConfigurationList section */
	};
	rootObject = 54600C0C22F9CB670021D7B7 /* Project object */;
}
